
Microsoft Visual Studio Solution File, Format Version 12.00
# Visual Studio Version 17
VisualStudioVersion = 17.13.35818.85 d17.13
MinimumVisualStudioVersion = 10.0.40219.1
Project("{FAE04EC0-301F-11D3-BF4B-00C04F79EFBC}") = "Qinshift.ClassesAndObjects", "Qinshift.ClassesAndObjects\Qinshift.ClassesAndObjects.csproj", "{D361DA06-E057-4369-9BC6-9B2F8F22D4D6}"
EndProject
Project("{FAE04EC0-301F-11D3-BF4B-00C04F79EFBC}") = "Qinshift.Exercise", "Qinshift.Exercise\Qinshift.Exercise.csproj", "{8803FCD6-FD0B-4032-BC7D-2C157969B3C5}"
EndProject
Project("{FAE04EC0-301F-11D3-BF4B-00C04F79EFBC}") = "Qinshift.ExerciseTwo", "Qinshift.ExerciseTwo\Qinshift.ExerciseTwo.csproj", "{042F73BE-6D61-46D4-9126-D4726ABACA57}"
EndProject
Global
	GlobalSection(SolutionConfigurationPlatforms) = preSolution
		Debug|Any CPU = Debug|Any CPU
		Release|Any CPU = Release|Any CPU
	EndGlobalSection
	GlobalSection(ProjectConfigurationPlatforms) = postSolution
		{D361DA06-E057-4369-9BC6-9B2F8F22D4D6}.Debug|Any CPU.ActiveCfg = Debug|Any CPU
		{D361DA06-E057-4369-9BC6-9B2F8F22D4D6}.Debug|Any CPU.Build.0 = Debug|Any CPU
		{D361DA06-E057-4369-9BC6-9B2F8F22D4D6}.Release|Any CPU.ActiveCfg = Release|Any CPU
		{D361DA06-E057-4369-9BC6-9B2F8F22D4D6}.Release|Any CPU.Build.0 = Release|Any CPU
		{8803FCD6-FD0B-4032-BC7D-2C157969B3C5}.Debug|Any CPU.ActiveCfg = Debug|Any CPU
		{8803FCD6-FD0B-4032-BC7D-2C157969B3C5}.Debug|Any CPU.Build.0 = Debug|Any CPU
		{8803FCD6-FD0B-4032-BC7D-2C157969B3C5}.Release|Any CPU.ActiveCfg = Release|Any CPU
		{8803FCD6-FD0B-4032-BC7D-2C157969B3C5}.Release|Any CPU.Build.0 = Release|Any CPU
		{042F73BE-6D61-46D4-9126-D4726ABACA57}.Debug|Any CPU.ActiveCfg = Debug|Any CPU
		{042F73BE-6D61-46D4-9126-D4726ABACA57}.Debug|Any CPU.Build.0 = Debug|Any CPU
		{042F73BE-6D61-46D4-9126-D4726ABACA57}.Release|Any CPU.ActiveCfg = Release|Any CPU
		{042F73BE-6D61-46D4-9126-D4726ABACA57}.Release|Any CPU.Build.0 = Release|Any CPU
	EndGlobalSection
	GlobalSection(SolutionProperties) = preSolution
		HideSolutionNode = FALSE
	EndGlobalSection
	GlobalSection(ExtensibilityGlobals) = postSolution
		SolutionGuid = {CC886B40-BF9D-4ED5-8B39-8C00DA3DDF62}
	EndGlobalSection
EndGlobal
