
Microsoft Visual Studio Solution File, Format Version 12.00
# Visual Studio Version 17
VisualStudioVersion = 17.13.35818.85 d17.13
MinimumVisualStudioVersion = 10.0.40219.1
Project("{FAE04EC0-301F-11D3-BF4B-00C04F79EFBC}") = "Qinshift.ClassesAndObjects", "Qinshift.ClassesAndObjects\Qinshift.ClassesAndObjects.csproj", "{F5D3C43F-F66F-4652-907F-E9FD4AC86054}"
EndProject
Global
	GlobalSection(SolutionConfigurationPlatforms) = preSolution
		Debug|Any CPU = Debug|Any CPU
		Release|Any CPU = Release|Any CPU
	EndGlobalSection
	GlobalSection(ProjectConfigurationPlatforms) = postSolution
		{F5D3C43F-F66F-4652-907F-E9FD4AC86054}.Debug|Any CPU.ActiveCfg = Debug|Any CPU
		{F5D3C43F-F66F-4652-907F-E9FD4AC86054}.Debug|Any CPU.Build.0 = Debug|Any CPU
		{F5D3C43F-F66F-4652-907F-E9FD4AC86054}.Release|Any CPU.ActiveCfg = Release|Any CPU
		{F5D3C43F-F66F-4652-907F-E9FD4AC86054}.Release|Any CPU.Build.0 = Release|Any CPU
	EndGlobalSection
	GlobalSection(SolutionProperties) = preSolution
		HideSolutionNode = FALSE
	EndGlobalSection
	GlobalSection(ExtensibilityGlobals) = postSolution
		SolutionGuid = {96481DCF-CF48-44E2-AD3A-CA6E3178DAFD}
	EndGlobalSection
EndGlobal
